<?xml version="1.0" encoding="utf-8"?>
<Project ToolsVersion="4.0" xmlns="http://schemas.microsoft.com/developer/msbuild/2003">
  <ItemGroup>
    <Filter Include="Source Files">
      <UniqueIdentifier>{4FC737F1-C7A5-4376-A066-2A32D752A2FF}</UniqueIdentifier>
      <Extensions>cpp;c;cc;cxx;c++;cppm;ixx;def;odl;idl;hpj;bat;asm;asmx</Extensions>
    </Filter>
    <Filter Include="Header Files">
      <UniqueIdentifier>{93995380-89BD-4b04-88EB-625FBE52EBFB}</UniqueIdentifier>
      <Extensions>h;hh;hpp;hxx;h++;hm;inl;inc;ipp;xsd</Extensions>
    </Filter>
    <Filter Include="Resource Files">
      <UniqueIdentifier>{67DA6AB6-F800-4c08-8B7A-83BB121AAD01}</UniqueIdentifier>
      <Extensions>rc;ico;cur;bmp;dlg;rc2;rct;bin;rgs;gif;jpg;jpeg;jpe;resx;tiff;tif;png;wav;mfcribbon-ms</Extensions>
    </Filter>
  </ItemGroup>
  <ItemGroup>
    <ResourceCompile Include="app.rc">
      <Filter>Resource Files</Filter>
    </ResourceCompile>
  </ItemGroup>
  <ItemGroup>
    <ClInclude Include="Resource.h">
      <Filter>Header Files</Filter>
    </ClInclude>
    <ClInclude Include="pch.h">
      <Filter>Header Files</Filter>
    </ClInclude>
    <ClInclude Include="Book.h">
      <Filter>Header Files</Filter>
    </ClInclude>
    <ClInclude Include="Coustomer.h">
      <Filter>Header Files</Filter>
    </ClInclude>
    <ClInclude Include="DiscountControl.h">
      <Filter>Header Files</Filter>
    </ClInclude>
    <ClInclude Include="Inventory.h">
      <Filter>Header Files</Filter>
    </ClInclude>
    <ClInclude Include="Item.h">
      <Filter>Header Files</Filter>
    </ClInclude>
    <ClInclude Include="LogInMenu.h">
      <Filter>Header Files</Filter>
    </ClInclude>
    <ClInclude Include="MySQL.h">
      <Filter>Header Files</Filter>
    </ClInclude>
    <ClInclude Include="OrdersControl.h">
      <Filter>Header Files</Filter>
    </ClInclude>
    <ClInclude Include="ProfitControl.h">
      <Filter>Header Files</Filter>
    </ClInclude>
    <ClInclude Include="RegisterMenu.h">
      <Filter>Header Files</Filter>
    </ClInclude>
    <ClInclude Include="SalesControl.h">
      <Filter>Header Files</Filter>
    </ClInclude>
    <ClInclude Include="ShoppingMenu.h">
      <Filter>Header Files</Filter>
    </ClInclude>
    <ClInclude Include="User.h">
      <Filter>Header Files</Filter>
    </ClInclude>
    <ClInclude Include="UsersControl.h">
      <Filter>Header Files</Filter>
    </ClInclude>
    <ClInclude Include="Manager.h">
      <Filter>Header Files</Filter>
    </ClInclude>
    <ClInclude Include="AdminMenu.h">
      <Filter>Header Files</Filter>
    </ClInclude>
    <ClInclude Include="HomePage.h">
      <Filter>Header Files</Filter>
    </ClInclude>
  </ItemGroup>
  <ItemGroup>
    <ClCompile Include="BEBS.cpp">
      <Filter>Source Files</Filter>
    </ClCompile>
    <ClCompile Include="AssemblyInfo.cpp">
      <Filter>Source Files</Filter>
    </ClCompile>
    <ClCompile Include="pch.cpp">
      <Filter>Source Files</Filter>
    </ClCompile>
    <ClCompile Include="AdminMenu.cpp">
      <Filter>Source Files</Filter>
    </ClCompile>
    <ClCompile Include="Book.cpp">
      <Filter>Source Files</Filter>
    </ClCompile>
    <ClCompile Include="Coustomer.cpp">
      <Filter>Source Files</Filter>
    </ClCompile>
    <ClCompile Include="DiscountControl.cpp">
      <Filter>Source Files</Filter>
    </ClCompile>
    <ClCompile Include="HomePage.cpp">
      <Filter>Source Files</Filter>
    </ClCompile>
    <ClCompile Include="Inventory.cpp">
      <Filter>Source Files</Filter>
    </ClCompile>
    <ClCompile Include="Item.cpp">
      <Filter>Source Files</Filter>
    </ClCompile>
    <ClCompile Include="LogInMenu.cpp">
      <Filter>Source Files</Filter>
    </ClCompile>
    <ClCompile Include="MySQL.cpp">
      <Filter>Source Files</Filter>
    </ClCompile>
    <ClCompile Include="OrdersControl.cpp">
      <Filter>Source Files</Filter>
    </ClCompile>
    <ClCompile Include="ProfitControl.cpp">
      <Filter>Source Files</Filter>
    </ClCompile>
    <ClCompile Include="RegisterMenu.cpp">
      <Filter>Source Files</Filter>
    </ClCompile>
    <ClCompile Include="SalesControl.cpp">
      <Filter>Source Files</Filter>
    </ClCompile>
    <ClCompile Include="ShoppingMenu.cpp">
      <Filter>Source Files</Filter>
    </ClCompile>
    <ClCompile Include="User.cpp">
      <Filter>Source Files</Filter>
    </ClCompile>
    <ClCompile Include="UsersControl.cpp">
      <Filter>Source Files</Filter>
    </ClCompile>
    <ClCompile Include="Manager.cpp">
      <Filter>Source Files</Filter>
    </ClCompile>
  </ItemGroup>
  <ItemGroup>
    <Image Include="app.ico">
      <Filter>Resource Files</Filter>
    </Image>
  </ItemGroup>
</Project>